
Microsoft Visual Studio Solution File, Format Version 12.00
# Visual Studio Version 17
VisualStudioVersion = 17.3.32922.545
MinimumVisualStudioVersion = 10.0.40219.1
Project("{FAE04EC0-301F-11D3-BF4B-00C04F79EFBC}") = "PasswordAndRecordChecker", "PasswordAndRecordChecker\PasswordAndRecordChecker.csproj", "{1C35ECF0-460C-4B1B-ADB6-39E47259B1E4}"
EndProject
Global
	GlobalSection(SolutionConfigurationPlatforms) = preSolution
		Debug|Any CPU = Debug|Any CPU
		Release|Any CPU = Release|Any CPU
	EndGlobalSection
	GlobalSection(ProjectConfigurationPlatforms) = postSolution
		{1C35ECF0-460C-4B1B-ADB6-39E47259B1E4}.Debug|Any CPU.ActiveCfg = Debug|Any CPU
		{1C35ECF0-460C-4B1B-ADB6-39E47259B1E4}.Debug|Any CPU.Build.0 = Debug|Any CPU
		{1C35ECF0-460C-4B1B-ADB6-39E47259B1E4}.Release|Any CPU.ActiveCfg = Release|Any CPU
		{1C35ECF0-460C-4B1B-ADB6-39E47259B1E4}.Release|Any CPU.Build.0 = Release|Any CPU
	EndGlobalSection
	GlobalSection(SolutionProperties) = preSolution
		HideSolutionNode = FALSE
	EndGlobalSection
	GlobalSection(ExtensibilityGlobals) = postSolution
		SolutionGuid = {819ABF18-2EED-4D76-A26A-D6E3C44CAF93}
	EndGlobalSection
EndGlobal
