
Microsoft Visual Studio Solution File, Format Version 12.00
# Visual Studio Version 17
VisualStudioVersion = 17.4.33122.133
MinimumVisualStudioVersion = 10.0.40219.1
Project("{FAE04EC0-301F-11D3-BF4B-00C04F79EFBC}") = "GestoreCitazioni", "GestoreCitazioni\GestoreCitazioni.csproj", "{C31A7974-3D89-4C98-A566-42EEE19B8BCB}"
EndProject
Global
	GlobalSection(SolutionConfigurationPlatforms) = preSolution
		Debug|Any CPU = Debug|Any CPU
		Release|Any CPU = Release|Any CPU
	EndGlobalSection
	GlobalSection(ProjectConfigurationPlatforms) = postSolution
		{C31A7974-3D89-4C98-A566-42EEE19B8BCB}.Debug|Any CPU.ActiveCfg = Debug|Any CPU
		{C31A7974-3D89-4C98-A566-42EEE19B8BCB}.Debug|Any CPU.Build.0 = Debug|Any CPU
		{C31A7974-3D89-4C98-A566-42EEE19B8BCB}.Release|Any CPU.ActiveCfg = Release|Any CPU
		{C31A7974-3D89-4C98-A566-42EEE19B8BCB}.Release|Any CPU.Build.0 = Release|Any CPU
	EndGlobalSection
	GlobalSection(SolutionProperties) = preSolution
		HideSolutionNode = FALSE
	EndGlobalSection
	GlobalSection(ExtensibilityGlobals) = postSolution
		SolutionGuid = {FFA1AE01-16CD-423F-9C7A-AFA003A92BC1}
	EndGlobalSection
EndGlobal
